{"projectHash":"7c81f0ca0a8d565d6afd8034859e3aa59d5a618c","productModuleName":"iOSMockingBird","sourceFilePaths":[{"path":"\/Users\/alberto\/Documents\/projects\/ios\/samples\/TestingFrameworks\/iOSMockingBird\/iOSMockingBird\/AppDelegate.swift","hash":"1b8c6a5f9bcd3e0a15a30417ae0d515d5077ffa5"},{"path":"\/Users\/alberto\/Documents\/projects\/ios\/samples\/TestingFrameworks\/iOSMockingBird\/iOSMockingBird\/ContentView.swift","hash":"3f51fe79a41aa5d6450bdc1f21b246d3862ad997"},{"path":"\/Users\/alberto\/Documents\/projects\/ios\/samples\/TestingFrameworks\/iOSMockingBird\/iOSMockingBird\/RestAPI.swift","hash":"99b75dffaaadffa51a88f65222bede6a0ba8c6e2"},{"path":"\/Users\/alberto\/Documents\/projects\/ios\/samples\/TestingFrameworks\/iOSMockingBird\/iOSMockingBird\/SceneDelegate.swift","hash":"0c0981ef356b68bf279d6226883ebdce91c2d634"}],"outputHash":"27691203f05c2f4604d2716a3ffa918e2612652d","supportingFilePaths":[{"path":"\/Users\/alberto\/Documents\/projects\/ios\/samples\/TestingFrameworks\/iOSMockingBird\/MockingbirdSupport\/AppKit\/NSResponder.swift","hash":"21296949c6d570892c8665a450e62c234c938790"},{"path":"\/Users\/alberto\/Documents\/projects\/ios\/samples\/TestingFrameworks\/iOSMockingBird\/MockingbirdSupport\/AppKit\/NSView.swift","hash":"85b3183be144012a7e105e292426c3d9f8966072"},{"path":"\/Users\/alberto\/Documents\/projects\/ios\/samples\/TestingFrameworks\/iOSMockingBird\/MockingbirdSupport\/AppKit\/NSViewController.swift","hash":"d8785e8a119f2723c8840534df0ad8ac61409797"},{"path":"\/Users\/alberto\/Documents\/projects\/ios\/samples\/TestingFrameworks\/iOSMockingBird\/MockingbirdSupport\/Foundation\/ObjectiveC\/NSObject.swift","hash":"cf466772b8c2d80d31f34b93b501b398fbb8854d"},{"path":"\/Users\/alberto\/Documents\/projects\/ios\/samples\/TestingFrameworks\/iOSMockingBird\/MockingbirdSupport\/Foundation\/ObjectiveC\/NSObject.swift","hash":"cf466772b8c2d80d31f34b93b501b398fbb8854d"},{"path":"\/Users\/alberto\/Documents\/projects\/ios\/samples\/TestingFrameworks\/iOSMockingBird\/MockingbirdSupport\/Swift\/Codable.swift","hash":"57675d8b36a2db7b093b3542bd3225a88992c3bc"},{"path":"\/Users\/alberto\/Documents\/projects\/ios\/samples\/TestingFrameworks\/iOSMockingBird\/MockingbirdSupport\/Swift\/Comparable.swift","hash":"d0d110744eeaf2f8fdd2f8a41df3452f35286bb7"},{"path":"\/Users\/alberto\/Documents\/projects\/ios\/samples\/TestingFrameworks\/iOSMockingBird\/MockingbirdSupport\/Swift\/Equatable.swift","hash":"2e7674f4e23a5ab7aef45b91b63c0ed5934c3b83"},{"path":"\/Users\/alberto\/Documents\/projects\/ios\/samples\/TestingFrameworks\/iOSMockingBird\/MockingbirdSupport\/Swift\/Hashable.swift","hash":"f59ec249aa03e312f2bda7c3b397c0dccd880a21"},{"path":"\/Users\/alberto\/Documents\/projects\/ios\/samples\/TestingFrameworks\/iOSMockingBird\/MockingbirdSupport\/Swift\/Misc.swift","hash":"c139249ec5799f1ec64c3d9e7d8c1f286b894035"},{"path":"\/Users\/alberto\/Documents\/projects\/ios\/samples\/TestingFrameworks\/iOSMockingBird\/MockingbirdSupport\/UIKit\/UIControl.swift","hash":"9363a4c38002598dbbc1198f16fe7198b8151d24"},{"path":"\/Users\/alberto\/Documents\/projects\/ios\/samples\/TestingFrameworks\/iOSMockingBird\/MockingbirdSupport\/UIKit\/UILabel.swift","hash":"e26a734695bfe008598ed0d8c936683db78f40ac"},{"path":"\/Users\/alberto\/Documents\/projects\/ios\/samples\/TestingFrameworks\/iOSMockingBird\/MockingbirdSupport\/UIKit\/UIView.swift","hash":"10e6b03a9c5a76f720c17fcb82af82ff66994926"},{"path":"\/Users\/alberto\/Documents\/projects\/ios\/samples\/TestingFrameworks\/iOSMockingBird\/MockingbirdSupport\/UIKit\/UIViewController.swift","hash":"bbd8980a22029f339b0e8746124fd06d94730570"}],"sourceRoot":"\/Users\/alberto\/Documents\/projects\/ios\/samples\/TestingFrameworks\/iOSMockingBird","targetPathsHash":"c7a0ddf0bace8eb4e0ec03db1d3a458c47334cb9","dependencyPathsHash":"5b3f6515f6691c52dacaf9f1b186fff2978d0e42","dependencies":[],"name":"iOSMockingBird","cliVersion":"0.11.1"}